// !$*UTF8*$!
{
	archiveVersion = 1;
	classes = {
	};
	objectVersion = 55;
	objects = {

/* Begin PBXBuildFile section */
		9466556327B6773E00665C9C /* main.swift in Sources */ = {isa = PBXBuildFile; fileRef = 9413123327B52A98003F77A1 /* main.swift */; };
/* End PBXBuildFile section */

/* Begin PBXCopyFilesBuildPhase section */
		9486363927B0122800FD9E89 /* CopyFiles */ = {
			isa = PBXCopyFilesBuildPhase;
			buildActionMask = 2147483647;
			dstPath = /usr/share/man/man1/;
			dstSubfolderSpec = 0;
			files = (
			);
			runOnlyForDeploymentPostprocessing = 1;
		};
/* End PBXCopyFilesBuildPhase section */

/* Begin PBXFileReference section */
		940DFF0727CCE58F003C9FFE /* Day22_BaekJoon Algorithm Study 一週間の復習(1).swift */ = {isa = PBXFileReference; lastKnownFileType = sourcecode.swift; path = "Day22_BaekJoon Algorithm Study 一週間の復習(1).swift"; sourceTree = "<group>"; };
		9410856827C8FB3A00998B22 /* Day19_BaekJoon Algorithm Study Class2_Day 15.swift */ = {isa = PBXFileReference; lastKnownFileType = sourcecode.swift; path = "Day19_BaekJoon Algorithm Study Class2_Day 15.swift"; sourceTree = "<group>"; };
		9413123327B52A98003F77A1 /* main.swift */ = {isa = PBXFileReference; lastKnownFileType = sourcecode.swift; path = main.swift; sourceTree = "<group>"; };
		941558E827CB99C800B5E00A /* Day21_BaekJoon Algorithm Study Dynamic Programming Day 2.swift */ = {isa = PBXFileReference; lastKnownFileType = sourcecode.swift; path = "Day21_BaekJoon Algorithm Study Dynamic Programming Day 2.swift"; sourceTree = "<group>"; };
		941968BF27CA481F00782C5A /* Day20_BaekJoon Algorithm Study Dynamic Programming Day 1.swift */ = {isa = PBXFileReference; lastKnownFileType = sourcecode.swift; path = "Day20_BaekJoon Algorithm Study Dynamic Programming Day 1.swift"; sourceTree = "<group>"; };
		941AFF7227C3B2200073D770 /* Day15_BaekJoon Algorithm Study Class2_Day_11.swift */ = {isa = PBXFileReference; lastKnownFileType = sourcecode.swift; path = "Day15_BaekJoon Algorithm Study Class2_Day_11.swift"; sourceTree = "<group>"; };
		941C5CB127C5066E00403383 /* Day16_BaekJoon Algorithm Study Class2_Day_12.swift */ = {isa = PBXFileReference; lastKnownFileType = sourcecode.swift; path = "Day16_BaekJoon Algorithm Study Class2_Day_12.swift"; sourceTree = "<group>"; };
		941D72E127D386D100AB499F /* Day27_BaekJoon Algorithm Study 深化問題 Series - (1) Difficult BFS.swift */ = {isa = PBXFileReference; lastKnownFileType = sourcecode.swift; path = "Day27_BaekJoon Algorithm Study 深化問題 Series - (1) Difficult BFS.swift"; sourceTree = "<group>"; };
		9420442C27BA79DE00C8A7EB /* Day9_BaekJoon Algorithm Class2 day 5.swift */ = {isa = PBXFileReference; lastKnownFileType = sourcecode.swift; path = "Day9_BaekJoon Algorithm Class2 day 5.swift"; sourceTree = "<group>"; };
		9423952727B7D25E001201E6 /* Day7_BaekJoon Algorithm Class2_day_4.swift */ = {isa = PBXFileReference; lastKnownFileType = sourcecode.swift; path = "Day7_BaekJoon Algorithm Class2_day_4.swift"; sourceTree = "<group>"; };
		94280BFC27B9022C00256736 /* Day8_BaekJoon Algorithm_Week1の復習及びまとめ.swift */ = {isa = PBXFileReference; lastKnownFileType = sourcecode.swift; path = "Day8_BaekJoon Algorithm_Week1の復習及びまとめ.swift"; sourceTree = "<group>"; };
		942862D827D772BC00A8C00C /* Day30_BaekJoon Algorithm Study 具現問題(6).swift */ = {isa = PBXFileReference; lastKnownFileType = sourcecode.swift; path = "Day30_BaekJoon Algorithm Study 具現問題(6).swift"; sourceTree = "<group>"; };
		942CF56127CE3B38007046EE /* Day23_BaekJoon Algorithm Study 一週間の復習(2) + DFS深化問題(1).swift */ = {isa = PBXFileReference; lastKnownFileType = sourcecode.swift; path = "Day23_BaekJoon Algorithm Study 一週間の復習(2) + DFS深化問題(1).swift"; sourceTree = "<group>"; };
		942E486A27BBC3DE00576BB8 /* Day10_BaekJoon Algorithm Class2 _day 6.swift */ = {isa = PBXFileReference; lastKnownFileType = sourcecode.swift; path = "Day10_BaekJoon Algorithm Class2 _day 6.swift"; sourceTree = "<group>"; };
		94310D6527C7A59000D387EF /* Day18_BaekJoon Algorithm Study Class2_Day_14.swift */ = {isa = PBXFileReference; lastKnownFileType = sourcecode.swift; path = "Day18_BaekJoon Algorithm Study Class2_Day_14.swift"; sourceTree = "<group>"; };
		94335D8527D22603005CA622 /* Day26_BaekJoon Algorithm Study 具現問題(3) + BackTracking(1).swift */ = {isa = PBXFileReference; lastKnownFileType = sourcecode.swift; path = "Day26_BaekJoon Algorithm Study 具現問題(3) + BackTracking(1).swift"; sourceTree = "<group>"; };
		9433E80027C13188006E033A /* Day13_BaekJoon Algorithm Study Class2_Day_9.swift */ = {isa = PBXFileReference; lastKnownFileType = sourcecode.swift; path = "Day13_BaekJoon Algorithm Study Class2_Day_9.swift"; sourceTree = "<group>"; };
		943CA69127D61A3D00BA3398 /* Day29_BaekJoon Algorithm Study 具現問題(5).swift */ = {isa = PBXFileReference; lastKnownFileType = sourcecode.swift; path = "Day29_BaekJoon Algorithm Study 具現問題(5).swift"; sourceTree = "<group>"; };
		94449EC027C646D600EFE997 /* Day17_BaekJoon Algorithm Study Class2_Day_13.swift */ = {isa = PBXFileReference; lastKnownFileType = sourcecode.swift; path = "Day17_BaekJoon Algorithm Study Class2_Day_13.swift"; sourceTree = "<group>"; };
		9447309327C26381005F9B37 /* Day14_BaekJoon Algorithm Study Class2_Day_10.swift */ = {isa = PBXFileReference; lastKnownFileType = sourcecode.swift; path = "Day14_BaekJoon Algorithm Study Class2_Day_10.swift"; sourceTree = "<group>"; };
		944B104527D0CEA100C11011 /* Day25_BaekJoon Algorithm Study 具現問題(2) + Greedy (1).swift */ = {isa = PBXFileReference; lastKnownFileType = sourcecode.swift; path = "Day25_BaekJoon Algorithm Study 具現問題(2) + Greedy (1).swift"; sourceTree = "<group>"; };
		94564C7727BE6D190076F97D /* Day11_BaekJoon Algorithm Study Class2_Day_7.swift */ = {isa = PBXFileReference; lastKnownFileType = sourcecode.swift; path = "Day11_BaekJoon Algorithm Study Class2_Day_7.swift"; sourceTree = "<group>"; };
		94610E4F27CF903D00C571A8 /* Day24_BaekJoon Algorithm Study 具現問題(1) + BFS深化問題(1).swift */ = {isa = PBXFileReference; lastKnownFileType = sourcecode.swift; path = "Day24_BaekJoon Algorithm Study 具現問題(1) + BFS深化問題(1).swift"; sourceTree = "<group>"; };
		9466556027B611D300665C9C /* Day6_BaekJoon Algorithm Class2_day3.swift */ = {isa = PBXFileReference; lastKnownFileType = sourcecode.swift; path = "Day6_BaekJoon Algorithm Class2_day3.swift"; sourceTree = "<group>"; };
		9469178527D4D89200D7CD8F /* Day28_BaekJoon Algorithm Study 具現問題(4).swift */ = {isa = PBXFileReference; lastKnownFileType = sourcecode.swift; path = "Day28_BaekJoon Algorithm Study 具現問題(4).swift"; sourceTree = "<group>"; };
		9469ECED27B3FF2900695234 /* Day5_BaekJoon Algorithm Class_2 day2.swift */ = {isa = PBXFileReference; lastKnownFileType = sourcecode.swift; path = "Day5_BaekJoon Algorithm Class_2 day2.swift"; sourceTree = "<group>"; };
		9486363B27B0122800FD9E89 /* BaekJoon */ = {isa = PBXFileReference; explicitFileType = "compiled.mach-o.executable"; includeInIndex = 0; path = BaekJoon; sourceTree = BUILT_PRODUCTS_DIR; };
		9486363E27B0122800FD9E89 /* BaekJoon_Algorithm_Class1_day3.swift */ = {isa = PBXFileReference; lastKnownFileType = sourcecode.swift; path = BaekJoon_Algorithm_Class1_day3.swift; sourceTree = "<group>"; };
		9486364527B012F000FD9E89 /* BaekJoon_Algorithm_Class1_day1.swift */ = {isa = PBXFileReference; lastKnownFileType = sourcecode.swift; path = BaekJoon_Algorithm_Class1_day1.swift; sourceTree = "<group>"; };
		94B5407627B26F70001807C6 /* Day4_BaekJoon_Algorithm_Class1_last and Class2_day1.swift */ = {isa = PBXFileReference; lastKnownFileType = sourcecode.swift; path = "Day4_BaekJoon_Algorithm_Class1_last and Class2_day1.swift"; sourceTree = "<group>"; };
		94E0DDB327B122FD00F66814 /* BaekJoon_Algorithm_Class1_day2.swift */ = {isa = PBXFileReference; lastKnownFileType = sourcecode.swift; path = BaekJoon_Algorithm_Class1_day2.swift; sourceTree = "<group>"; };
		94E87B2B27BFB84D00292711 /* Day12_BaekJoon Algorithm Study Class2_Day_8.swift */ = {isa = PBXFileReference; lastKnownFileType = sourcecode.swift; path = "Day12_BaekJoon Algorithm Study Class2_Day_8.swift"; sourceTree = "<group>"; };
/* End PBXFileReference section */

/* Begin PBXFrameworksBuildPhase section */
		9486363827B0122800FD9E89 /* Frameworks */ = {
			isa = PBXFrameworksBuildPhase;
			buildActionMask = 2147483647;
			files = (
			);
			runOnlyForDeploymentPostprocessing = 0;
		};
/* End PBXFrameworksBuildPhase section */

/* Begin PBXGroup section */
		9486363227B0122800FD9E89 = {
			isa = PBXGroup;
			children = (
				9486363D27B0122800FD9E89 /* BaekJoon */,
				9486363C27B0122800FD9E89 /* Products */,
			);
			sourceTree = "<group>";
		};
		9486363C27B0122800FD9E89 /* Products */ = {
			isa = PBXGroup;
			children = (
				9486363B27B0122800FD9E89 /* BaekJoon */,
			);
			name = Products;
			sourceTree = "<group>";
		};
		9486363D27B0122800FD9E89 /* BaekJoon */ = {
			isa = PBXGroup;
			children = (
				9486364527B012F000FD9E89 /* BaekJoon_Algorithm_Class1_day1.swift */,
				94E0DDB327B122FD00F66814 /* BaekJoon_Algorithm_Class1_day2.swift */,
				9486363E27B0122800FD9E89 /* BaekJoon_Algorithm_Class1_day3.swift */,
				94B5407627B26F70001807C6 /* Day4_BaekJoon_Algorithm_Class1_last and Class2_day1.swift */,
				9469ECED27B3FF2900695234 /* Day5_BaekJoon Algorithm Class_2 day2.swift */,
				9466556027B611D300665C9C /* Day6_BaekJoon Algorithm Class2_day3.swift */,
				9423952727B7D25E001201E6 /* Day7_BaekJoon Algorithm Class2_day_4.swift */,
				94280BFC27B9022C00256736 /* Day8_BaekJoon Algorithm_Week1の復習及びまとめ.swift */,
				9420442C27BA79DE00C8A7EB /* Day9_BaekJoon Algorithm Class2 day 5.swift */,
				942E486A27BBC3DE00576BB8 /* Day10_BaekJoon Algorithm Class2 _day 6.swift */,
				94564C7727BE6D190076F97D /* Day11_BaekJoon Algorithm Study Class2_Day_7.swift */,
				94E87B2B27BFB84D00292711 /* Day12_BaekJoon Algorithm Study Class2_Day_8.swift */,
				9433E80027C13188006E033A /* Day13_BaekJoon Algorithm Study Class2_Day_9.swift */,
				9447309327C26381005F9B37 /* Day14_BaekJoon Algorithm Study Class2_Day_10.swift */,
				941AFF7227C3B2200073D770 /* Day15_BaekJoon Algorithm Study Class2_Day_11.swift */,
				941C5CB127C5066E00403383 /* Day16_BaekJoon Algorithm Study Class2_Day_12.swift */,
				94449EC027C646D600EFE997 /* Day17_BaekJoon Algorithm Study Class2_Day_13.swift */,
				94310D6527C7A59000D387EF /* Day18_BaekJoon Algorithm Study Class2_Day_14.swift */,
				9410856827C8FB3A00998B22 /* Day19_BaekJoon Algorithm Study Class2_Day 15.swift */,
				941968BF27CA481F00782C5A /* Day20_BaekJoon Algorithm Study Dynamic Programming Day 1.swift */,
				941558E827CB99C800B5E00A /* Day21_BaekJoon Algorithm Study Dynamic Programming Day 2.swift */,
				940DFF0727CCE58F003C9FFE /* Day22_BaekJoon Algorithm Study 一週間の復習(1).swift */,
				942CF56127CE3B38007046EE /* Day23_BaekJoon Algorithm Study 一週間の復習(2) + DFS深化問題(1).swift */,
				94610E4F27CF903D00C571A8 /* Day24_BaekJoon Algorithm Study 具現問題(1) + BFS深化問題(1).swift */,
				944B104527D0CEA100C11011 /* Day25_BaekJoon Algorithm Study 具現問題(2) + Greedy (1).swift */,
				94335D8527D22603005CA622 /* Day26_BaekJoon Algorithm Study 具現問題(3) + BackTracking(1).swift */,
				941D72E127D386D100AB499F /* Day27_BaekJoon Algorithm Study 深化問題 Series - (1) Difficult BFS.swift */,
				9469178527D4D89200D7CD8F /* Day28_BaekJoon Algorithm Study 具現問題(4).swift */,
				943CA69127D61A3D00BA3398 /* Day29_BaekJoon Algorithm Study 具現問題(5).swift */,
				942862D827D772BC00A8C00C /* Day30_BaekJoon Algorithm Study 具現問題(6).swift */,
				9413123327B52A98003F77A1 /* main.swift */,
			);
			path = BaekJoon;
			sourceTree = "<group>";
		};
/* End PBXGroup section */

/* Begin PBXNativeTarget section */
		9486363A27B0122800FD9E89 /* BaekJoon */ = {
			isa = PBXNativeTarget;
			buildConfigurationList = 9486364227B0122800FD9E89 /* Build configuration list for PBXNativeTarget "BaekJoon" */;
			buildPhases = (
				9486363727B0122800FD9E89 /* Sources */,
				9486363827B0122800FD9E89 /* Frameworks */,
				9486363927B0122800FD9E89 /* CopyFiles */,
			);
			buildRules = (
			);
			dependencies = (
			);
			name = BaekJoon;
			productName = BaekJoon;
			productReference = 9486363B27B0122800FD9E89 /* BaekJoon */;
			productType = "com.apple.product-type.tool";
		};
/* End PBXNativeTarget section */

/* Begin PBXProject section */
		9486363327B0122800FD9E89 /* Project object */ = {
			isa = PBXProject;
			attributes = {
				BuildIndependentTargetsInParallel = 1;
				LastSwiftUpdateCheck = 1320;
				LastUpgradeCheck = 1320;
				TargetAttributes = {
					9486363A27B0122800FD9E89 = {
						CreatedOnToolsVersion = 13.2.1;
					};
				};
			};
			buildConfigurationList = 9486363627B0122800FD9E89 /* Build configuration list for PBXProject "BaekJoon" */;
			compatibilityVersion = "Xcode 13.0";
			developmentRegion = en;
			hasScannedForEncodings = 0;
			knownRegions = (
				en,
				Base,
			);
			mainGroup = 9486363227B0122800FD9E89;
			productRefGroup = 9486363C27B0122800FD9E89 /* Products */;
			projectDirPath = "";
			projectRoot = "";
			targets = (
				9486363A27B0122800FD9E89 /* BaekJoon */,
			);
		};
/* End PBXProject section */

/* Begin PBXSourcesBuildPhase section */
		9486363727B0122800FD9E89 /* Sources */ = {
			isa = PBXSourcesBuildPhase;
			buildActionMask = 2147483647;
			files = (
				9466556327B6773E00665C9C /* main.swift in Sources */,
			);
			runOnlyForDeploymentPostprocessing = 0;
		};
/* End PBXSourcesBuildPhase section */

/* Begin XCBuildConfiguration section */
		9486364027B0122800FD9E89 /* Debug */ = {
			isa = XCBuildConfiguration;
			buildSettings = {
				ALWAYS_SEARCH_USER_PATHS = NO;
				CLANG_ANALYZER_NONNULL = YES;
				CLANG_ANALYZER_NUMBER_OBJECT_CONVERSION = YES_AGGRESSIVE;
				CLANG_CXX_LANGUAGE_STANDARD = "gnu++17";
				CLANG_CXX_LIBRARY = "libc++";
				CLANG_ENABLE_MODULES = YES;
				CLANG_ENABLE_OBJC_ARC = YES;
				CLANG_ENABLE_OBJC_WEAK = YES;
				CLANG_WARN_BLOCK_CAPTURE_AUTORELEASING = YES;
				CLANG_WARN_BOOL_CONVERSION = YES;
				CLANG_WARN_COMMA = YES;
				CLANG_WARN_CONSTANT_CONVERSION = YES;
				CLANG_WARN_DEPRECATED_OBJC_IMPLEMENTATIONS = YES;
				CLANG_WARN_DIRECT_OBJC_ISA_USAGE = YES_ERROR;
				CLANG_WARN_DOCUMENTATION_COMMENTS = YES;
				CLANG_WARN_EMPTY_BODY = YES;
				CLANG_WARN_ENUM_CONVERSION = YES;
				CLANG_WARN_INFINITE_RECURSION = YES;
				CLANG_WARN_INT_CONVERSION = YES;
				CLANG_WARN_NON_LITERAL_NULL_CONVERSION = YES;
				CLANG_WARN_OBJC_IMPLICIT_RETAIN_SELF = YES;
				CLANG_WARN_OBJC_LITERAL_CONVERSION = YES;
				CLANG_WARN_OBJC_ROOT_CLASS = YES_ERROR;
				CLANG_WARN_QUOTED_INCLUDE_IN_FRAMEWORK_HEADER = YES;
				CLANG_WARN_RANGE_LOOP_ANALYSIS = YES;
				CLANG_WARN_STRICT_PROTOTYPES = YES;
				CLANG_WARN_SUSPICIOUS_MOVE = YES;
				CLANG_WARN_UNGUARDED_AVAILABILITY = YES_AGGRESSIVE;
				CLANG_WARN_UNREACHABLE_CODE = YES;
				CLANG_WARN__DUPLICATE_METHOD_MATCH = YES;
				COPY_PHASE_STRIP = NO;
				DEBUG_INFORMATION_FORMAT = dwarf;
				ENABLE_STRICT_OBJC_MSGSEND = YES;
				ENABLE_TESTABILITY = YES;
				GCC_C_LANGUAGE_STANDARD = gnu11;
				GCC_DYNAMIC_NO_PIC = NO;
				GCC_NO_COMMON_BLOCKS = YES;
				GCC_OPTIMIZATION_LEVEL = 0;
				GCC_PREPROCESSOR_DEFINITIONS = (
					"DEBUG=1",
					"$(inherited)",
				);
				GCC_WARN_64_TO_32_BIT_CONVERSION = YES;
				GCC_WARN_ABOUT_RETURN_TYPE = YES_ERROR;
				GCC_WARN_UNDECLARED_SELECTOR = YES;
				GCC_WARN_UNINITIALIZED_AUTOS = YES_AGGRESSIVE;
				GCC_WARN_UNUSED_FUNCTION = YES;
				GCC_WARN_UNUSED_VARIABLE = YES;
				MACOSX_DEPLOYMENT_TARGET = 12.1;
				MTL_ENABLE_DEBUG_INFO = INCLUDE_SOURCE;
				MTL_FAST_MATH = YES;
				ONLY_ACTIVE_ARCH = YES;
				SDKROOT = macosx;
				SWIFT_ACTIVE_COMPILATION_CONDITIONS = DEBUG;
				SWIFT_OPTIMIZATION_LEVEL = "-Onone";
			};
			name = Debug;
		};
		9486364127B0122800FD9E89 /* Release */ = {
			isa = XCBuildConfiguration;
			buildSettings = {
				ALWAYS_SEARCH_USER_PATHS = NO;
				CLANG_ANALYZER_NONNULL = YES;
				CLANG_ANALYZER_NUMBER_OBJECT_CONVERSION = YES_AGGRESSIVE;
				CLANG_CXX_LANGUAGE_STANDARD = "gnu++17";
				CLANG_CXX_LIBRARY = "libc++";
				CLANG_ENABLE_MODULES = YES;
				CLANG_ENABLE_OBJC_ARC = YES;
				CLANG_ENABLE_OBJC_WEAK = YES;
				CLANG_WARN_BLOCK_CAPTURE_AUTORELEASING = YES;
				CLANG_WARN_BOOL_CONVERSION = YES;
				CLANG_WARN_COMMA = YES;
				CLANG_WARN_CONSTANT_CONVERSION = YES;
				CLANG_WARN_DEPRECATED_OBJC_IMPLEMENTATIONS = YES;
				CLANG_WARN_DIRECT_OBJC_ISA_USAGE = YES_ERROR;
				CLANG_WARN_DOCUMENTATION_COMMENTS = YES;
				CLANG_WARN_EMPTY_BODY = YES;
				CLANG_WARN_ENUM_CONVERSION = YES;
				CLANG_WARN_INFINITE_RECURSION = YES;
				CLANG_WARN_INT_CONVERSION = YES;
				CLANG_WARN_NON_LITERAL_NULL_CONVERSION = YES;
				CLANG_WARN_OBJC_IMPLICIT_RETAIN_SELF = YES;
				CLANG_WARN_OBJC_LITERAL_CONVERSION = YES;
				CLANG_WARN_OBJC_ROOT_CLASS = YES_ERROR;
				CLANG_WARN_QUOTED_INCLUDE_IN_FRAMEWORK_HEADER = YES;
				CLANG_WARN_RANGE_LOOP_ANALYSIS = YES;
				CLANG_WARN_STRICT_PROTOTYPES = YES;
				CLANG_WARN_SUSPICIOUS_MOVE = YES;
				CLANG_WARN_UNGUARDED_AVAILABILITY = YES_AGGRESSIVE;
				CLANG_WARN_UNREACHABLE_CODE = YES;
				CLANG_WARN__DUPLICATE_METHOD_MATCH = YES;
				COPY_PHASE_STRIP = NO;
				DEBUG_INFORMATION_FORMAT = "dwarf-with-dsym";
				ENABLE_NS_ASSERTIONS = NO;
				ENABLE_STRICT_OBJC_MSGSEND = YES;
				GCC_C_LANGUAGE_STANDARD = gnu11;
				GCC_NO_COMMON_BLOCKS = YES;
				GCC_WARN_64_TO_32_BIT_CONVERSION = YES;
				GCC_WARN_ABOUT_RETURN_TYPE = YES_ERROR;
				GCC_WARN_UNDECLARED_SELECTOR = YES;
				GCC_WARN_UNINITIALIZED_AUTOS = YES_AGGRESSIVE;
				GCC_WARN_UNUSED_FUNCTION = YES;
				GCC_WARN_UNUSED_VARIABLE = YES;
				MACOSX_DEPLOYMENT_TARGET = 12.1;
				MTL_ENABLE_DEBUG_INFO = NO;
				MTL_FAST_MATH = YES;
				SDKROOT = macosx;
				SWIFT_COMPILATION_MODE = wholemodule;
				SWIFT_OPTIMIZATION_LEVEL = "-O";
			};
			name = Release;
		};
		9486364327B0122800FD9E89 /* Debug */ = {
			isa = XCBuildConfiguration;
			buildSettings = {
				CODE_SIGN_STYLE = Automatic;
				PRODUCT_NAME = "$(TARGET_NAME)";
				SWIFT_VERSION = 5.0;
			};
			name = Debug;
		};
		9486364427B0122800FD9E89 /* Release */ = {
			isa = XCBuildConfiguration;
			buildSettings = {
				CODE_SIGN_STYLE = Automatic;
				PRODUCT_NAME = "$(TARGET_NAME)";
				SWIFT_VERSION = 5.0;
			};
			name = Release;
		};
/* End XCBuildConfiguration section */

/* Begin XCConfigurationList section */
		9486363627B0122800FD9E89 /* Build configuration list for PBXProject "BaekJoon" */ = {
			isa = XCConfigurationList;
			buildConfigurations = (
				9486364027B0122800FD9E89 /* Debug */,
				9486364127B0122800FD9E89 /* Release */,
			);
			defaultConfigurationIsVisible = 0;
			defaultConfigurationName = Release;
		};
		9486364227B0122800FD9E89 /* Build configuration list for PBXNativeTarget "BaekJoon" */ = {
			isa = XCConfigurationList;
			buildConfigurations = (
				9486364327B0122800FD9E89 /* Debug */,
				9486364427B0122800FD9E89 /* Release */,
			);
			defaultConfigurationIsVisible = 0;
			defaultConfigurationName = Release;
		};
/* End XCConfigurationList section */
	};
	rootObject = 9486363327B0122800FD9E89 /* Project object */;
}
